{
  "version": 3,
  "terraform_version": "0.11.13",
  "serial": 4,
  "lineage": "49727719-0028-6955-7295-5223e912e5e3",
  "modules": [
    {
      "path": ["root"],
      "outputs": {},
      "resources": {
        "aws_s3_bucket.terraform_state": {
          "type": "aws_s3_bucket",
          "depends_on": [],
          "primary": {
            "id": "terraform-shreya",
            "attributes": {
              "acceleration_status": "",
              "acl": "private",
              "arn": "arn:aws:s3:::terraform-shreya",
              "bucket": "terraform-shreya",
              "bucket_domain_name": "terraform-shreya.s3.amazonaws.com",
              "bucket_regional_domain_name": "terraform-shreya.s3.amazonaws.com",
              "cors_rule.#": "0",
              "force_destroy": "true",
              "grant.#": "0",
              "hosted_zone_id": "Z3AQBSTGFYJSTF",
              "id": "terraform-shreya",
              "lifecycle_rule.#": "0",
              "logging.#": "0",
              "object_lock_configuration.#": "0",
              "region": "us-east-1",
              "replication_configuration.#": "0",
              "request_payer": "BucketOwner",
              "server_side_encryption_configuration.#": "0",
              "tags.%": "2",
              "tags.Environment": "Dev",
              "tags.Name": "My Bucket",
              "versioning.#": "1",
              "versioning.0.enabled": "false",
              "versioning.0.mfa_delete": "false",
              "website.#": "0"
            },
            "meta": {},
            "tainted": false
          },
          "deposed": [],
          "provider": "provider.aws"
        }
      },
      "depends_on": []
    }
  ]
}
